
Microsoft Visual Studio Solution File, Format Version 12.00
# Visual Studio 15
Project("{FAE04EC0-301F-11D3-BF4B-00C04F79EFBC}") = "Assembly-CSharp", "Assembly-CSharp.csproj", "{6529228C-812F-4297-A5D8-715AB824447C}"
EndProject
Project("{FAE04EC0-301F-11D3-BF4B-00C04F79EFBC}") = "Assembly-CSharp-Editor", "Assembly-CSharp-Editor.csproj", "{637C7F44-2574-2C11-81E4-85B98F7592B9}"
EndProject
Global
	GlobalSection(SolutionConfigurationPlatforms) = preSolution
		Debug|Any CPU = Debug|Any CPU
		Release|Any CPU = Release|Any CPU
	EndGlobalSection
	GlobalSection(ProjectConfigurationPlatforms) = postSolution
		{6529228C-812F-4297-A5D8-715AB824447C}.Debug|Any CPU.ActiveCfg = Debug|Any CPU
		{6529228C-812F-4297-A5D8-715AB824447C}.Debug|Any CPU.Build.0 = Debug|Any CPU
		{6529228C-812F-4297-A5D8-715AB824447C}.Release|Any CPU.ActiveCfg = Release|Any CPU
		{6529228C-812F-4297-A5D8-715AB824447C}.Release|Any CPU.Build.0 = Release|Any CPU
		{637C7F44-2574-2C11-81E4-85B98F7592B9}.Debug|Any CPU.ActiveCfg = Debug|Any CPU
		{637C7F44-2574-2C11-81E4-85B98F7592B9}.Debug|Any CPU.Build.0 = Debug|Any CPU
		{637C7F44-2574-2C11-81E4-85B98F7592B9}.Release|Any CPU.ActiveCfg = Release|Any CPU
		{637C7F44-2574-2C11-81E4-85B98F7592B9}.Release|Any CPU.Build.0 = Release|Any CPU
	EndGlobalSection
	GlobalSection(SolutionProperties) = preSolution
		HideSolutionNode = FALSE
	EndGlobalSection
EndGlobal
